{
  "name": "codecafe",
  "lockfileVersion": 3,
  "requires": true,
  "packages": {
    "": {
      "dependencies": {
        "react-xtermjs": "^1.0.9"
      }
    },
    "node_modules/@xterm/xterm": {
      "version": "5.5.0",
      "resolved": "https://registry.npmjs.org/@xterm/xterm/-/xterm-5.5.0.tgz",
      "integrity": "sha512-hqJHYaQb5OptNunnyAnkHyM8aCjZ1MEIDTQu1iIbbTD/xops91NB5yq1ZK/dC2JDbVWtF23zUtl9JE2NqwT87A==",
      "license": "MIT",
      "peer": true
    },
    "node_modules/react-xtermjs": {
      "version": "1.0.9",
      "resolved": "https://registry.npmjs.org/react-xtermjs/-/react-xtermjs-1.0.9.tgz",
      "integrity": "sha512-lrK1xiWfgxAC+4shtMHh0Irxg2t5t7JbTtpP0W7GIf1gQ9SHW/djmyiLpQSA75mN1DpT0bKeqj1fOKd0XX8RBA==",
      "license": "ISC",
      "peerDependencies": {
        "@xterm/xterm": "^5.5.0"
      }
    }
  }
}
